// !$*UTF8*$!
{
	archiveVersion = 1;
	classes = {
	};
	objectVersion = 50;
	objects = {

/* Begin PBXBuildFile section */
		5E74B3BD2644C81A00780AE6 /* FinishView.swift in Sources */ = {isa = PBXBuildFile; fileRef = 5E74B3BC2644C81A00780AE6 /* FinishView.swift */; };
		5E74B3BF2644C89400780AE6 /* AnswerView.swift in Sources */ = {isa = PBXBuildFile; fileRef = 5E74B3BE2644C89400780AE6 /* AnswerView.swift */; };
		5E74B3C12644C8DD00780AE6 /* QuestionView.swift in Sources */ = {isa = PBXBuildFile; fileRef = 5E74B3C02644C8DD00780AE6 /* QuestionView.swift */; };
		5E831D9926413AFC004F2915 /* iQuizApp.swift in Sources */ = {isa = PBXBuildFile; fileRef = 5E831D9826413AFC004F2915 /* iQuizApp.swift */; };
		5E831D9B26413AFC004F2915 /* ContentView.swift in Sources */ = {isa = PBXBuildFile; fileRef = 5E831D9A26413AFC004F2915 /* ContentView.swift */; };
		5E831D9D26413AFD004F2915 /* Assets.xcassets in Resources */ = {isa = PBXBuildFile; fileRef = 5E831D9C26413AFD004F2915 /* Assets.xcassets */; };
		5E831DA026413AFD004F2915 /* Preview Assets.xcassets in Resources */ = {isa = PBXBuildFile; fileRef = 5E831D9F26413AFD004F2915 /* Preview Assets.xcassets */; };
		5E831DAB26413AFD004F2915 /* iQuizTests.swift in Sources */ = {isa = PBXBuildFile; fileRef = 5E831DAA26413AFD004F2915 /* iQuizTests.swift */; };
		5E831DB626413AFE004F2915 /* iQuizUITests.swift in Sources */ = {isa = PBXBuildFile; fileRef = 5E831DB526413AFE004F2915 /* iQuizUITests.swift */; };
/* End PBXBuildFile section */

/* Begin PBXContainerItemProxy section */
		5E831DA726413AFD004F2915 /* PBXContainerItemProxy */ = {
			isa = PBXContainerItemProxy;
			containerPortal = 5E831D8D26413AFC004F2915 /* Project object */;
			proxyType = 1;
			remoteGlobalIDString = 5E831D9426413AFC004F2915;
			remoteInfo = iQuiz;
		};
		5E831DB226413AFE004F2915 /* PBXContainerItemProxy */ = {
			isa = PBXContainerItemProxy;
			containerPortal = 5E831D8D26413AFC004F2915 /* Project object */;
			proxyType = 1;
			remoteGlobalIDString = 5E831D9426413AFC004F2915;
			remoteInfo = iQuiz;
		};
/* End PBXContainerItemProxy section */

/* Begin PBXFileReference section */
		5E74B3BC2644C81A00780AE6 /* FinishView.swift */ = {isa = PBXFileReference; lastKnownFileType = sourcecode.swift; path = FinishView.swift; sourceTree = "<group>"; };
		5E74B3BE2644C89400780AE6 /* AnswerView.swift */ = {isa = PBXFileReference; lastKnownFileType = sourcecode.swift; path = AnswerView.swift; sourceTree = "<group>"; };
		5E74B3C02644C8DD00780AE6 /* QuestionView.swift */ = {isa = PBXFileReference; lastKnownFileType = sourcecode.swift; path = QuestionView.swift; sourceTree = "<group>"; };
		5E831D9526413AFC004F2915 /* iQuiz.app */ = {isa = PBXFileReference; explicitFileType = wrapper.application; includeInIndex = 0; path = iQuiz.app; sourceTree = BUILT_PRODUCTS_DIR; };
		5E831D9826413AFC004F2915 /* iQuizApp.swift */ = {isa = PBXFileReference; lastKnownFileType = sourcecode.swift; path = iQuizApp.swift; sourceTree = "<group>"; };
		5E831D9A26413AFC004F2915 /* ContentView.swift */ = {isa = PBXFileReference; lastKnownFileType = sourcecode.swift; path = ContentView.swift; sourceTree = "<group>"; };
		5E831D9C26413AFD004F2915 /* Assets.xcassets */ = {isa = PBXFileReference; lastKnownFileType = folder.assetcatalog; path = Assets.xcassets; sourceTree = "<group>"; };
		5E831D9F26413AFD004F2915 /* Preview Assets.xcassets */ = {isa = PBXFileReference; lastKnownFileType = folder.assetcatalog; path = "Preview Assets.xcassets"; sourceTree = "<group>"; };
		5E831DA126413AFD004F2915 /* Info.plist */ = {isa = PBXFileReference; lastKnownFileType = text.plist.xml; path = Info.plist; sourceTree = "<group>"; };
		5E831DA626413AFD004F2915 /* iQuizTests.xctest */ = {isa = PBXFileReference; explicitFileType = wrapper.cfbundle; includeInIndex = 0; path = iQuizTests.xctest; sourceTree = BUILT_PRODUCTS_DIR; };
		5E831DAA26413AFD004F2915 /* iQuizTests.swift */ = {isa = PBXFileReference; lastKnownFileType = sourcecode.swift; path = iQuizTests.swift; sourceTree = "<group>"; };
		5E831DAC26413AFD004F2915 /* Info.plist */ = {isa = PBXFileReference; lastKnownFileType = text.plist.xml; path = Info.plist; sourceTree = "<group>"; };
		5E831DB126413AFE004F2915 /* iQuizUITests.xctest */ = {isa = PBXFileReference; explicitFileType = wrapper.cfbundle; includeInIndex = 0; path = iQuizUITests.xctest; sourceTree = BUILT_PRODUCTS_DIR; };
		5E831DB526413AFE004F2915 /* iQuizUITests.swift */ = {isa = PBXFileReference; lastKnownFileType = sourcecode.swift; path = iQuizUITests.swift; sourceTree = "<group>"; };
		5E831DB726413AFE004F2915 /* Info.plist */ = {isa = PBXFileReference; lastKnownFileType = text.plist.xml; path = Info.plist; sourceTree = "<group>"; };
/* End PBXFileReference section */

/* Begin PBXFrameworksBuildPhase section */
		5E831D9226413AFC004F2915 /* Frameworks */ = {
			isa = PBXFrameworksBuildPhase;
			buildActionMask = 2147483647;
			files = (
			);
			runOnlyForDeploymentPostprocessing = 0;
		};
		5E831DA326413AFD004F2915 /* Frameworks */ = {
			isa = PBXFrameworksBuildPhase;
			buildActionMask = 2147483647;
			files = (
			);
			runOnlyForDeploymentPostprocessing = 0;
		};
		5E831DAE26413AFE004F2915 /* Frameworks */ = {
			isa = PBXFrameworksBuildPhase;
			buildActionMask = 2147483647;
			files = (
			);
			runOnlyForDeploymentPostprocessing = 0;
		};
/* End PBXFrameworksBuildPhase section */

/* Begin PBXGroup section */
		5E831D8C26413AFC004F2915 = {
			isa = PBXGroup;
			children = (
				5E831D9726413AFC004F2915 /* iQuiz */,
				5E831DA926413AFD004F2915 /* iQuizTests */,
				5E831DB426413AFE004F2915 /* iQuizUITests */,
				5E831D9626413AFC004F2915 /* Products */,
			);
			sourceTree = "<group>";
		};
		5E831D9626413AFC004F2915 /* Products */ = {
			isa = PBXGroup;
			children = (
				5E831D9526413AFC004F2915 /* iQuiz.app */,
				5E831DA626413AFD004F2915 /* iQuizTests.xctest */,
				5E831DB126413AFE004F2915 /* iQuizUITests.xctest */,
			);
			name = Products;
			sourceTree = "<group>";
		};
		5E831D9726413AFC004F2915 /* iQuiz */ = {
			isa = PBXGroup;
			children = (
				5E831D9826413AFC004F2915 /* iQuizApp.swift */,
				5E831D9A26413AFC004F2915 /* ContentView.swift */,
				5E831D9C26413AFD004F2915 /* Assets.xcassets */,
				5E831DA126413AFD004F2915 /* Info.plist */,
				5E831D9E26413AFD004F2915 /* Preview Content */,
				5E74B3BC2644C81A00780AE6 /* FinishView.swift */,
				5E74B3BE2644C89400780AE6 /* AnswerView.swift */,
				5E74B3C02644C8DD00780AE6 /* QuestionView.swift */,
			);
			path = iQuiz;
			sourceTree = "<group>";
		};
		5E831D9E26413AFD004F2915 /* Preview Content */ = {
			isa = PBXGroup;
			children = (
				5E831D9F26413AFD004F2915 /* Preview Assets.xcassets */,
			);
			path = "Preview Content";
			sourceTree = "<group>";
		};
		5E831DA926413AFD004F2915 /* iQuizTests */ = {
			isa = PBXGroup;
			children = (
				5E831DAA26413AFD004F2915 /* iQuizTests.swift */,
				5E831DAC26413AFD004F2915 /* Info.plist */,
			);
			path = iQuizTests;
			sourceTree = "<group>";
		};
		5E831DB426413AFE004F2915 /* iQuizUITests */ = {
			isa = PBXGroup;
			children = (
				5E831DB526413AFE004F2915 /* iQuizUITests.swift */,
				5E831DB726413AFE004F2915 /* Info.plist */,
			);
			path = iQuizUITests;
			sourceTree = "<group>";
		};
/* End PBXGroup section */

/* Begin PBXNativeTarget section */
		5E831D9426413AFC004F2915 /* iQuiz */ = {
			isa = PBXNativeTarget;
			buildConfigurationList = 5E831DBA26413AFE004F2915 /* Build configuration list for PBXNativeTarget "iQuiz" */;
			buildPhases = (
				5E831D9126413AFC004F2915 /* Sources */,
				5E831D9226413AFC004F2915 /* Frameworks */,
				5E831D9326413AFC004F2915 /* Resources */,
			);
			buildRules = (
			);
			dependencies = (
			);
			name = iQuiz;
			productName = iQuiz;
			productReference = 5E831D9526413AFC004F2915 /* iQuiz.app */;
			productType = "com.apple.product-type.application";
		};
		5E831DA526413AFD004F2915 /* iQuizTests */ = {
			isa = PBXNativeTarget;
			buildConfigurationList = 5E831DBD26413AFE004F2915 /* Build configuration list for PBXNativeTarget "iQuizTests" */;
			buildPhases = (
				5E831DA226413AFD004F2915 /* Sources */,
				5E831DA326413AFD004F2915 /* Frameworks */,
				5E831DA426413AFD004F2915 /* Resources */,
			);
			buildRules = (
			);
			dependencies = (
				5E831DA826413AFD004F2915 /* PBXTargetDependency */,
			);
			name = iQuizTests;
			productName = iQuizTests;
			productReference = 5E831DA626413AFD004F2915 /* iQuizTests.xctest */;
			productType = "com.apple.product-type.bundle.unit-test";
		};
		5E831DB026413AFE004F2915 /* iQuizUITests */ = {
			isa = PBXNativeTarget;
			buildConfigurationList = 5E831DC026413AFE004F2915 /* Build configuration list for PBXNativeTarget "iQuizUITests" */;
			buildPhases = (
				5E831DAD26413AFE004F2915 /* Sources */,
				5E831DAE26413AFE004F2915 /* Frameworks */,
				5E831DAF26413AFE004F2915 /* Resources */,
			);
			buildRules = (
			);
			dependencies = (
				5E831DB326413AFE004F2915 /* PBXTargetDependency */,
			);
			name = iQuizUITests;
			productName = iQuizUITests;
			productReference = 5E831DB126413AFE004F2915 /* iQuizUITests.xctest */;
			productType = "com.apple.product-type.bundle.ui-testing";
		};
/* End PBXNativeTarget section */

/* Begin PBXProject section */
		5E831D8D26413AFC004F2915 /* Project object */ = {
			isa = PBXProject;
			attributes = {
				LastSwiftUpdateCheck = 1250;
				LastUpgradeCheck = 1250;
				TargetAttributes = {
					5E831D9426413AFC004F2915 = {
						CreatedOnToolsVersion = 12.5;
					};
					5E831DA526413AFD004F2915 = {
						CreatedOnToolsVersion = 12.5;
						TestTargetID = 5E831D9426413AFC004F2915;
					};
					5E831DB026413AFE004F2915 = {
						CreatedOnToolsVersion = 12.5;
						TestTargetID = 5E831D9426413AFC004F2915;
					};
				};
			};
			buildConfigurationList = 5E831D9026413AFC004F2915 /* Build configuration list for PBXProject "iQuiz" */;
			compatibilityVersion = "Xcode 9.3";
			developmentRegion = en;
			hasScannedForEncodings = 0;
			knownRegions = (
				en,
				Base,
			);
			mainGroup = 5E831D8C26413AFC004F2915;
			productRefGroup = 5E831D9626413AFC004F2915 /* Products */;
			projectDirPath = "";
			projectRoot = "";
			targets = (
				5E831D9426413AFC004F2915 /* iQuiz */,
				5E831DA526413AFD004F2915 /* iQuizTests */,
				5E831DB026413AFE004F2915 /* iQuizUITests */,
			);
		};
/* End PBXProject section */

/* Begin PBXResourcesBuildPhase section */
		5E831D9326413AFC004F2915 /* Resources */ = {
			isa = PBXResourcesBuildPhase;
			buildActionMask = 2147483647;
			files = (
				5E831DA026413AFD004F2915 /* Preview Assets.xcassets in Resources */,
				5E831D9D26413AFD004F2915 /* Assets.xcassets in Resources */,
			);
			runOnlyForDeploymentPostprocessing = 0;
		};
		5E831DA426413AFD004F2915 /* Resources */ = {
			isa = PBXResourcesBuildPhase;
			buildActionMask = 2147483647;
			files = (
			);
			runOnlyForDeploymentPostprocessing = 0;
		};
		5E831DAF26413AFE004F2915 /* Resources */ = {
			isa = PBXResourcesBuildPhase;
			buildActionMask = 2147483647;
			files = (
			);
			runOnlyForDeploymentPostprocessing = 0;
		};
/* End PBXResourcesBuildPhase section */

/* Begin PBXSourcesBuildPhase section */
		5E831D9126413AFC004F2915 /* Sources */ = {
			isa = PBXSourcesBuildPhase;
			buildActionMask = 2147483647;
			files = (
				5E74B3C12644C8DD00780AE6 /* QuestionView.swift in Sources */,
				5E831D9B26413AFC004F2915 /* ContentView.swift in Sources */,
				5E831D9926413AFC004F2915 /* iQuizApp.swift in Sources */,
				5E74B3BF2644C89400780AE6 /* AnswerView.swift in Sources */,
				5E74B3BD2644C81A00780AE6 /* FinishView.swift in Sources */,
			);
			runOnlyForDeploymentPostprocessing = 0;
		};
		5E831DA226413AFD004F2915 /* Sources */ = {
			isa = PBXSourcesBuildPhase;
			buildActionMask = 2147483647;
			files = (
				5E831DAB26413AFD004F2915 /* iQuizTests.swift in Sources */,
			);
			runOnlyForDeploymentPostprocessing = 0;
		};
		5E831DAD26413AFE004F2915 /* Sources */ = {
			isa = PBXSourcesBuildPhase;
			buildActionMask = 2147483647;
			files = (
				5E831DB626413AFE004F2915 /* iQuizUITests.swift in Sources */,
			);
			runOnlyForDeploymentPostprocessing = 0;
		};
/* End PBXSourcesBuildPhase section */

/* Begin PBXTargetDependency section */
		5E831DA826413AFD004F2915 /* PBXTargetDependency */ = {
			isa = PBXTargetDependency;
			target = 5E831D9426413AFC004F2915 /* iQuiz */;
			targetProxy = 5E831DA726413AFD004F2915 /* PBXContainerItemProxy */;
		};
		5E831DB326413AFE004F2915 /* PBXTargetDependency */ = {
			isa = PBXTargetDependency;
			target = 5E831D9426413AFC004F2915 /* iQuiz */;
			targetProxy = 5E831DB226413AFE004F2915 /* PBXContainerItemProxy */;
		};
/* End PBXTargetDependency section */

/* Begin XCBuildConfiguration section */
		5E831DB826413AFE004F2915 /* Debug */ = {
			isa = XCBuildConfiguration;
			buildSettings = {
				ALWAYS_SEARCH_USER_PATHS = NO;
				CLANG_ANALYZER_NONNULL = YES;
				CLANG_ANALYZER_NUMBER_OBJECT_CONVERSION = YES_AGGRESSIVE;
				CLANG_CXX_LANGUAGE_STANDARD = "gnu++14";
				CLANG_CXX_LIBRARY = "libc++";
				CLANG_ENABLE_MODULES = YES;
				CLANG_ENABLE_OBJC_ARC = YES;
				CLANG_ENABLE_OBJC_WEAK = YES;
				CLANG_WARN_BLOCK_CAPTURE_AUTORELEASING = YES;
				CLANG_WARN_BOOL_CONVERSION = YES;
				CLANG_WARN_COMMA = YES;
				CLANG_WARN_CONSTANT_CONVERSION = YES;
				CLANG_WARN_DEPRECATED_OBJC_IMPLEMENTATIONS = YES;
				CLANG_WARN_DIRECT_OBJC_ISA_USAGE = YES_ERROR;
				CLANG_WARN_DOCUMENTATION_COMMENTS = YES;
				CLANG_WARN_EMPTY_BODY = YES;
				CLANG_WARN_ENUM_CONVERSION = YES;
				CLANG_WARN_INFINITE_RECURSION = YES;
				CLANG_WARN_INT_CONVERSION = YES;
				CLANG_WARN_NON_LITERAL_NULL_CONVERSION = YES;
				CLANG_WARN_OBJC_IMPLICIT_RETAIN_SELF = YES;
				CLANG_WARN_OBJC_LITERAL_CONVERSION = YES;
				CLANG_WARN_OBJC_ROOT_CLASS = YES_ERROR;
				CLANG_WARN_QUOTED_INCLUDE_IN_FRAMEWORK_HEADER = YES;
				CLANG_WARN_RANGE_LOOP_ANALYSIS = YES;
				CLANG_WARN_STRICT_PROTOTYPES = YES;
				CLANG_WARN_SUSPICIOUS_MOVE = YES;
				CLANG_WARN_UNGUARDED_AVAILABILITY = YES_AGGRESSIVE;
				CLANG_WARN_UNREACHABLE_CODE = YES;
				CLANG_WARN__DUPLICATE_METHOD_MATCH = YES;
				COPY_PHASE_STRIP = NO;
				DEBUG_INFORMATION_FORMAT = dwarf;
				ENABLE_STRICT_OBJC_MSGSEND = YES;
				ENABLE_TESTABILITY = YES;
				GCC_C_LANGUAGE_STANDARD = gnu11;
				GCC_DYNAMIC_NO_PIC = NO;
				GCC_NO_COMMON_BLOCKS = YES;
				GCC_OPTIMIZATION_LEVEL = 0;
				GCC_PREPROCESSOR_DEFINITIONS = (
					"DEBUG=1",
					"$(inherited)",
				);
				GCC_WARN_64_TO_32_BIT_CONVERSION = YES;
				GCC_WARN_ABOUT_RETURN_TYPE = YES_ERROR;
				GCC_WARN_UNDECLARED_SELECTOR = YES;
				GCC_WARN_UNINITIALIZED_AUTOS = YES_AGGRESSIVE;
				GCC_WARN_UNUSED_FUNCTION = YES;
				GCC_WARN_UNUSED_VARIABLE = YES;
				IPHONEOS_DEPLOYMENT_TARGET = 14.5;
				MTL_ENABLE_DEBUG_INFO = INCLUDE_SOURCE;
				MTL_FAST_MATH = YES;
				ONLY_ACTIVE_ARCH = YES;
				SDKROOT = iphoneos;
				SWIFT_ACTIVE_COMPILATION_CONDITIONS = DEBUG;
				SWIFT_OPTIMIZATION_LEVEL = "-Onone";
			};
			name = Debug;
		};
		5E831DB926413AFE004F2915 /* Release */ = {
			isa = XCBuildConfiguration;
			buildSettings = {
				ALWAYS_SEARCH_USER_PATHS = NO;
				CLANG_ANALYZER_NONNULL = YES;
				CLANG_ANALYZER_NUMBER_OBJECT_CONVERSION = YES_AGGRESSIVE;
				CLANG_CXX_LANGUAGE_STANDARD = "gnu++14";
				CLANG_CXX_LIBRARY = "libc++";
				CLANG_ENABLE_MODULES = YES;
				CLANG_ENABLE_OBJC_ARC = YES;
				CLANG_ENABLE_OBJC_WEAK = YES;
				CLANG_WARN_BLOCK_CAPTURE_AUTORELEASING = YES;
				CLANG_WARN_BOOL_CONVERSION = YES;
				CLANG_WARN_COMMA = YES;
				CLANG_WARN_CONSTANT_CONVERSION = YES;
				CLANG_WARN_DEPRECATED_OBJC_IMPLEMENTATIONS = YES;
				CLANG_WARN_DIRECT_OBJC_ISA_USAGE = YES_ERROR;
				CLANG_WARN_DOCUMENTATION_COMMENTS = YES;
				CLANG_WARN_EMPTY_BODY = YES;
				CLANG_WARN_ENUM_CONVERSION = YES;
				CLANG_WARN_INFINITE_RECURSION = YES;
				CLANG_WARN_INT_CONVERSION = YES;
				CLANG_WARN_NON_LITERAL_NULL_CONVERSION = YES;
				CLANG_WARN_OBJC_IMPLICIT_RETAIN_SELF = YES;
				CLANG_WARN_OBJC_LITERAL_CONVERSION = YES;
				CLANG_WARN_OBJC_ROOT_CLASS = YES_ERROR;
				CLANG_WARN_QUOTED_INCLUDE_IN_FRAMEWORK_HEADER = YES;
				CLANG_WARN_RANGE_LOOP_ANALYSIS = YES;
				CLANG_WARN_STRICT_PROTOTYPES = YES;
				CLANG_WARN_SUSPICIOUS_MOVE = YES;
				CLANG_WARN_UNGUARDED_AVAILABILITY = YES_AGGRESSIVE;
				CLANG_WARN_UNREACHABLE_CODE = YES;
				CLANG_WARN__DUPLICATE_METHOD_MATCH = YES;
				COPY_PHASE_STRIP = NO;
				DEBUG_INFORMATION_FORMAT = "dwarf-with-dsym";
				ENABLE_NS_ASSERTIONS = NO;
				ENABLE_STRICT_OBJC_MSGSEND = YES;
				GCC_C_LANGUAGE_STANDARD = gnu11;
				GCC_NO_COMMON_BLOCKS = YES;
				GCC_WARN_64_TO_32_BIT_CONVERSION = YES;
				GCC_WARN_ABOUT_RETURN_TYPE = YES_ERROR;
				GCC_WARN_UNDECLARED_SELECTOR = YES;
				GCC_WARN_UNINITIALIZED_AUTOS = YES_AGGRESSIVE;
				GCC_WARN_UNUSED_FUNCTION = YES;
				GCC_WARN_UNUSED_VARIABLE = YES;
				IPHONEOS_DEPLOYMENT_TARGET = 14.5;
				MTL_ENABLE_DEBUG_INFO = NO;
				MTL_FAST_MATH = YES;
				SDKROOT = iphoneos;
				SWIFT_COMPILATION_MODE = wholemodule;
				SWIFT_OPTIMIZATION_LEVEL = "-O";
				VALIDATE_PRODUCT = YES;
			};
			name = Release;
		};
		5E831DBB26413AFE004F2915 /* Debug */ = {
			isa = XCBuildConfiguration;
			buildSettings = {
				ASSETCATALOG_COMPILER_APPICON_NAME = AppIcon;
				ASSETCATALOG_COMPILER_GLOBAL_ACCENT_COLOR_NAME = AccentColor;
				CODE_SIGN_STYLE = Automatic;
				DEVELOPMENT_ASSET_PATHS = "\"iQuiz/Preview Content\"";
				DEVELOPMENT_TEAM = FP5NS98CV7;
				ENABLE_PREVIEWS = YES;
				INFOPLIST_FILE = iQuiz/Info.plist;
				IPHONEOS_DEPLOYMENT_TARGET = 14.0;
				LD_RUNPATH_SEARCH_PATHS = (
					"$(inherited)",
					"@executable_path/Frameworks",
				);
				PRODUCT_BUNDLE_IDENTIFIER = limj27.iQuiz;
				PRODUCT_NAME = "$(TARGET_NAME)";
				SWIFT_VERSION = 5.0;
				TARGETED_DEVICE_FAMILY = "1,2";
			};
			name = Debug;
		};
		5E831DBC26413AFE004F2915 /* Release */ = {
			isa = XCBuildConfiguration;
			buildSettings = {
				ASSETCATALOG_COMPILER_APPICON_NAME = AppIcon;
				ASSETCATALOG_COMPILER_GLOBAL_ACCENT_COLOR_NAME = AccentColor;
				CODE_SIGN_STYLE = Automatic;
				DEVELOPMENT_ASSET_PATHS = "\"iQuiz/Preview Content\"";
				DEVELOPMENT_TEAM = FP5NS98CV7;
				ENABLE_PREVIEWS = YES;
				INFOPLIST_FILE = iQuiz/Info.plist;
				IPHONEOS_DEPLOYMENT_TARGET = 14.0;
				LD_RUNPATH_SEARCH_PATHS = (
					"$(inherited)",
					"@executable_path/Frameworks",
				);
				PRODUCT_BUNDLE_IDENTIFIER = limj27.iQuiz;
				PRODUCT_NAME = "$(TARGET_NAME)";
				SWIFT_VERSION = 5.0;
				TARGETED_DEVICE_FAMILY = "1,2";
			};
			name = Release;
		};
		5E831DBE26413AFE004F2915 /* Debug */ = {
			isa = XCBuildConfiguration;
			buildSettings = {
				ALWAYS_EMBED_SWIFT_STANDARD_LIBRARIES = YES;
				BUNDLE_LOADER = "$(TEST_HOST)";
				CODE_SIGN_STYLE = Automatic;
				DEVELOPMENT_TEAM = FP5NS98CV7;
				INFOPLIST_FILE = iQuizTests/Info.plist;
				IPHONEOS_DEPLOYMENT_TARGET = 14.0;
				LD_RUNPATH_SEARCH_PATHS = (
					"$(inherited)",
					"@executable_path/Frameworks",
					"@loader_path/Frameworks",
				);
				PRODUCT_BUNDLE_IDENTIFIER = limj27.iQuizTests;
				PRODUCT_NAME = "$(TARGET_NAME)";
				SWIFT_VERSION = 5.0;
				TARGETED_DEVICE_FAMILY = "1,2";
				TEST_HOST = "$(BUILT_PRODUCTS_DIR)/iQuiz.app/iQuiz";
			};
			name = Debug;
		};
		5E831DBF26413AFE004F2915 /* Release */ = {
			isa = XCBuildConfiguration;
			buildSettings = {
				ALWAYS_EMBED_SWIFT_STANDARD_LIBRARIES = YES;
				BUNDLE_LOADER = "$(TEST_HOST)";
				CODE_SIGN_STYLE = Automatic;
				DEVELOPMENT_TEAM = FP5NS98CV7;
				INFOPLIST_FILE = iQuizTests/Info.plist;
				IPHONEOS_DEPLOYMENT_TARGET = 14.0;
				LD_RUNPATH_SEARCH_PATHS = (
					"$(inherited)",
					"@executable_path/Frameworks",
					"@loader_path/Frameworks",
				);
				PRODUCT_BUNDLE_IDENTIFIER = limj27.iQuizTests;
				PRODUCT_NAME = "$(TARGET_NAME)";
				SWIFT_VERSION = 5.0;
				TARGETED_DEVICE_FAMILY = "1,2";
				TEST_HOST = "$(BUILT_PRODUCTS_DIR)/iQuiz.app/iQuiz";
			};
			name = Release;
		};
		5E831DC126413AFE004F2915 /* Debug */ = {
			isa = XCBuildConfiguration;
			buildSettings = {
				ALWAYS_EMBED_SWIFT_STANDARD_LIBRARIES = YES;
				CODE_SIGN_STYLE = Automatic;
				DEVELOPMENT_TEAM = FP5NS98CV7;
				INFOPLIST_FILE = iQuizUITests/Info.plist;
				LD_RUNPATH_SEARCH_PATHS = (
					"$(inherited)",
					"@executable_path/Frameworks",
					"@loader_path/Frameworks",
				);
				PRODUCT_BUNDLE_IDENTIFIER = limj27.iQuizUITests;
				PRODUCT_NAME = "$(TARGET_NAME)";
				SWIFT_VERSION = 5.0;
				TARGETED_DEVICE_FAMILY = "1,2";
				TEST_TARGET_NAME = iQuiz;
			};
			name = Debug;
		};
		5E831DC226413AFE004F2915 /* Release */ = {
			isa = XCBuildConfiguration;
			buildSettings = {
				ALWAYS_EMBED_SWIFT_STANDARD_LIBRARIES = YES;
				CODE_SIGN_STYLE = Automatic;
				DEVELOPMENT_TEAM = FP5NS98CV7;
				INFOPLIST_FILE = iQuizUITests/Info.plist;
				LD_RUNPATH_SEARCH_PATHS = (
					"$(inherited)",
					"@executable_path/Frameworks",
					"@loader_path/Frameworks",
				);
				PRODUCT_BUNDLE_IDENTIFIER = limj27.iQuizUITests;
				PRODUCT_NAME = "$(TARGET_NAME)";
				SWIFT_VERSION = 5.0;
				TARGETED_DEVICE_FAMILY = "1,2";
				TEST_TARGET_NAME = iQuiz;
			};
			name = Release;
		};
/* End XCBuildConfiguration section */

/* Begin XCConfigurationList section */
		5E831D9026413AFC004F2915 /* Build configuration list for PBXProject "iQuiz" */ = {
			isa = XCConfigurationList;
			buildConfigurations = (
				5E831DB826413AFE004F2915 /* Debug */,
				5E831DB926413AFE004F2915 /* Release */,
			);
			defaultConfigurationIsVisible = 0;
			defaultConfigurationName = Release;
		};
		5E831DBA26413AFE004F2915 /* Build configuration list for PBXNativeTarget "iQuiz" */ = {
			isa = XCConfigurationList;
			buildConfigurations = (
				5E831DBB26413AFE004F2915 /* Debug */,
				5E831DBC26413AFE004F2915 /* Release */,
			);
			defaultConfigurationIsVisible = 0;
			defaultConfigurationName = Release;
		};
		5E831DBD26413AFE004F2915 /* Build configuration list for PBXNativeTarget "iQuizTests" */ = {
			isa = XCConfigurationList;
			buildConfigurations = (
				5E831DBE26413AFE004F2915 /* Debug */,
				5E831DBF26413AFE004F2915 /* Release */,
			);
			defaultConfigurationIsVisible = 0;
			defaultConfigurationName = Release;
		};
		5E831DC026413AFE004F2915 /* Build configuration list for PBXNativeTarget "iQuizUITests" */ = {
			isa = XCConfigurationList;
			buildConfigurations = (
				5E831DC126413AFE004F2915 /* Debug */,
				5E831DC226413AFE004F2915 /* Release */,
			);
			defaultConfigurationIsVisible = 0;
			defaultConfigurationName = Release;
		};
/* End XCConfigurationList section */
	};
	rootObject = 5E831D8D26413AFC004F2915 /* Project object */;
}
